{
    "_readme": [
        "This file locks the dependencies of your project to a known state",
        "Read more about it at https://getcomposer.org/doc/01-basic-usage.md#composer-lock-the-lock-file",
        "This file is @generated automatically"
    ],
    "hash": "4d1cf3cb48c9510204ec7ed2c4e05077",
    "content-hash": "3465db01f79a9f0d8a7275533c7714cc",
    "packages": [
        {
            "name": "zerustech/io",
            "version": "v1.0.2",
            "source": {
                "type": "git",
                "url": "https://github.com/zerustech/io.git",
                "reference": "d2f36f96ea0240bc13317ff7775508886db5a996"
            },
            "dist": {
                "type": "zip",
                "url": "https://api.github.com/repos/zerustech/io/zipball/d2f36f96ea0240bc13317ff7775508886db5a996",
                "reference": "d2f36f96ea0240bc13317ff7775508886db5a996",
                "shasum": ""
            },
            "require": {
                "php": ">=5.4"
            },
            "type": "library",
            "extra": {
                "branch-alias": {
                    "dev-master": "1.1-dev"
                }
            },
            "autoload": {
                "psr-4": {
                    "ZerusTech\\Component\\IO\\": ".",
                    "ZerusTech\\Component\\IO\\Tests\\": "./Tests"
                }
            },
            "notification-url": "https://packagist.org/downloads/",
            "license": [
                "MIT"
            ],
            "authors": [
                {
                    "name": "Michael Lee",
                    "email": "michael.lee@zerustech.com"
                }
            ],
            "description": "ZerusTech IO Component",
            "keywords": [
                "io",
                "stream",
                "string input stream"
            ],
            "time": "2016-07-08 16:03:29"
        }
    ],
    "packages-dev": [
        {
            "name": "mikey179/vfsStream",
            "version": "v1.6.3",
            "source": {
                "type": "git",
                "url": "https://github.com/mikey179/vfsStream.git",
                "reference": "c19925cd0390d3c436a0203ae859afa460d0474b"
            },
            "dist": {
                "type": "zip",
                "url": "https://api.github.com/repos/mikey179/vfsStream/zipball/c19925cd0390d3c436a0203ae859afa460d0474b",
                "reference": "c19925cd0390d3c436a0203ae859afa460d0474b",
                "shasum": ""
            },
            "require": {
                "php": ">=5.3.0"
            },
            "require-dev": {
                "phpunit/phpunit": "~4.5"
            },
            "type": "library",
            "extra": {
                "branch-alias": {
                    "dev-master": "1.6.x-dev"
                }
            },
            "autoload": {
                "psr-0": {
                    "org\\bovigo\\vfs\\": "src/main/php"
                }
            },
            "notification-url": "https://packagist.org/downloads/",
            "license": [
                "BSD-3-Clause"
            ],
            "authors": [
                {
                    "name": "Frank Kleine",
                    "homepage": "http://frankkleine.de/",
                    "role": "Developer"
                }
            ],
            "description": "Virtual file system to mock the real file system in unit tests.",
            "homepage": "http://vfs.bovigo.org/",
            "time": "2016-04-09 09:42:01"
        },
        {
            "name": "zerustech/threaded",
            "version": "v1.0.0",
            "source": {
                "type": "git",
                "url": "https://github.com/zerustech/threaded.git",
                "reference": "11a4f5ee97525ebd8b5c1f442d681e889ac511b6"
            },
            "dist": {
                "type": "zip",
                "url": "https://api.github.com/repos/zerustech/threaded/zipball/11a4f5ee97525ebd8b5c1f442d681e889ac511b6",
                "reference": "11a4f5ee97525ebd8b5c1f442d681e889ac511b6",
                "shasum": ""
            },
            "require": {
                "ext-pthreads": "^2.0.10",
                "php": ">=5.4",
                "zerustech/io": ">=1.0.2"
            },
            "type": "library",
            "extra": {
                "branch-alias": {
                    "dev-master": "2.1-dev"
                }
            },
            "autoload": {
                "psr-4": {
                    "ZerusTech\\Component\\Threaded\\": ".",
                    "ZerusTech\\Component\\Threaded\\Tests\\": "./Tests"
                }
            },
            "notification-url": "https://packagist.org/downloads/",
            "license": [
                "MIT"
            ],
            "authors": [
                {
                    "name": "Michael Lee",
                    "email": "michael.lee@zerustech.com"
                }
            ],
            "description": "ZerusTech Threaded Component",
            "keywords": [
                "Thread",
                "multi-threaded",
                "multi-threading",
                "piped input stream",
                "piped output stream",
                "stream"
            ],
            "time": "2016-07-08 16:20:08"
        }
    ],
    "aliases": [],
    "minimum-stability": "stable",
    "stability-flags": [],
    "prefer-stable": false,
    "prefer-lowest": false,
    "platform": {
        "php": ">=5.4"
    },
    "platform-dev": []
}
